
Microsoft Visual Studio Solution File, Format Version 12.00
# Visual Studio Version 17
VisualStudioVersion = 17.1.32228.430
MinimumVisualStudioVersion = 10.0.40219.1
Project("{FAE04EC0-301F-11D3-BF4B-00C04F79EFBC}") = "Generics_Structure_HWS", "Generics_Structure_HWS\Generics_Structure_HWS.csproj", "{708919E6-7716-4B8E-A978-E2188FDE63FE}"
EndProject
Global
	GlobalSection(SolutionConfigurationPlatforms) = preSolution
		Debug|Any CPU = Debug|Any CPU
		Release|Any CPU = Release|Any CPU
	EndGlobalSection
	GlobalSection(ProjectConfigurationPlatforms) = postSolution
		{708919E6-7716-4B8E-A978-E2188FDE63FE}.Debug|Any CPU.ActiveCfg = Debug|Any CPU
		{708919E6-7716-4B8E-A978-E2188FDE63FE}.Debug|Any CPU.Build.0 = Debug|Any CPU
		{708919E6-7716-4B8E-A978-E2188FDE63FE}.Release|Any CPU.ActiveCfg = Release|Any CPU
		{708919E6-7716-4B8E-A978-E2188FDE63FE}.Release|Any CPU.Build.0 = Release|Any CPU
	EndGlobalSection
	GlobalSection(SolutionProperties) = preSolution
		HideSolutionNode = FALSE
	EndGlobalSection
	GlobalSection(ExtensibilityGlobals) = postSolution
		SolutionGuid = {AEBA7324-E252-4F7B-A79B-F1643D44E4F5}
	EndGlobalSection
EndGlobal
